
Microsoft Visual Studio Solution File, Format Version 12.00
# Visual Studio Version 17
VisualStudioVersion = 17.9.34414.90
MinimumVisualStudioVersion = 10.0.40219.1
Project("{9A19103F-16F7-4668-BE54-9A1E7A4F7556}") = "SmartHomeApp.UI", "src\SmartHomeApp.UI\SmartHomeApp.UI.csproj", "{14BDBB21-5259-4975-BE5A-7DBAA22EDA8B}"
EndProject
Project("{9A19103F-16F7-4668-BE54-9A1E7A4F7556}") = "SmartHomeApp.UI.Desktop", "src\SmartHomeApp.UI.Desktop\SmartHomeApp.UI.Desktop.csproj", "{66F2D8AB-32A4-46EC-BC8F-4A1E2B45BEEE}"
EndProject
Project("{9A19103F-16F7-4668-BE54-9A1E7A4F7556}") = "SmartHomeApp.UI.Browser", "src\SmartHomeApp.UI.Browser\SmartHomeApp.UI.Browser.csproj", "{95EDE787-5CED-4BA5-BBEA-A3D913851480}"
EndProject
Project("{2150E333-8FDC-42A3-9474-1A3956D46DE8}") = "src", "src", "{2D17F3F4-630E-47C4-AEE6-DE480A2FAF9D}"
EndProject
Global
	GlobalSection(SolutionConfigurationPlatforms) = preSolution
		Debug|Any CPU = Debug|Any CPU
		Release|Any CPU = Release|Any CPU
	EndGlobalSection
	GlobalSection(ProjectConfigurationPlatforms) = postSolution
		{14BDBB21-5259-4975-BE5A-7DBAA22EDA8B}.Debug|Any CPU.ActiveCfg = Debug|Any CPU
		{14BDBB21-5259-4975-BE5A-7DBAA22EDA8B}.Debug|Any CPU.Build.0 = Debug|Any CPU
		{14BDBB21-5259-4975-BE5A-7DBAA22EDA8B}.Release|Any CPU.ActiveCfg = Release|Any CPU
		{14BDBB21-5259-4975-BE5A-7DBAA22EDA8B}.Release|Any CPU.Build.0 = Release|Any CPU
		{66F2D8AB-32A4-46EC-BC8F-4A1E2B45BEEE}.Debug|Any CPU.ActiveCfg = Debug|Any CPU
		{66F2D8AB-32A4-46EC-BC8F-4A1E2B45BEEE}.Debug|Any CPU.Build.0 = Debug|Any CPU
		{66F2D8AB-32A4-46EC-BC8F-4A1E2B45BEEE}.Release|Any CPU.ActiveCfg = Release|Any CPU
		{66F2D8AB-32A4-46EC-BC8F-4A1E2B45BEEE}.Release|Any CPU.Build.0 = Release|Any CPU
		{95EDE787-5CED-4BA5-BBEA-A3D913851480}.Debug|Any CPU.ActiveCfg = Debug|Any CPU
		{95EDE787-5CED-4BA5-BBEA-A3D913851480}.Debug|Any CPU.Build.0 = Debug|Any CPU
		{95EDE787-5CED-4BA5-BBEA-A3D913851480}.Release|Any CPU.ActiveCfg = Release|Any CPU
		{95EDE787-5CED-4BA5-BBEA-A3D913851480}.Release|Any CPU.Build.0 = Release|Any CPU
	EndGlobalSection
	GlobalSection(SolutionProperties) = preSolution
		HideSolutionNode = FALSE
	EndGlobalSection
	GlobalSection(NestedProjects) = preSolution
		{14BDBB21-5259-4975-BE5A-7DBAA22EDA8B} = {2D17F3F4-630E-47C4-AEE6-DE480A2FAF9D}
		{66F2D8AB-32A4-46EC-BC8F-4A1E2B45BEEE} = {2D17F3F4-630E-47C4-AEE6-DE480A2FAF9D}
		{95EDE787-5CED-4BA5-BBEA-A3D913851480} = {2D17F3F4-630E-47C4-AEE6-DE480A2FAF9D}
	EndGlobalSection
	GlobalSection(ExtensibilityGlobals) = postSolution
		SolutionGuid = {ED490E79-D922-46D7-A1D8-AAF9F2C77ECE}
	EndGlobalSection
EndGlobal
